# THIS IS AN AUTOGENERATED FILE. DO NOT EDIT THIS FILE DIRECTLY.
# yarn lockfile v1


bulma-start@^0.0.4:
  version "0.0.4"
  resolved "https://registry.yarnpkg.com/bulma-start/-/bulma-start-0.0.4.tgz#19a0783cd8f55d8f5b3d771c984ab56f72e75cb7"
  integrity sha512-/PbhZBs1tIqnU75eh1SVWKC2DeW+xtQaaKITRksvmlCSTp8BH88JJk+gML3XCGE2LhSWyHTT+AIh6mwtUyjlxQ==
